
Microsoft Visual Studio Solution File, Format Version 12.00
# Visual Studio Version 17
VisualStudioVersion = 17.7.34031.279
MinimumVisualStudioVersion = 10.0.40219.1
Project("{2150E333-8FDC-42A3-9474-1A3956D46DE8}") = "src", "src", "{AA655942-302B-4080-B690-B2D62F114748}"
EndProject
Project("{2150E333-8FDC-42A3-9474-1A3956D46DE8}") = "tests", "tests", "{0F571B6B-3600-473B-897A-F1BACEF8A93A}"
EndProject
Project("{2150E333-8FDC-42A3-9474-1A3956D46DE8}") = "Solution Items", "Solution Items", "{EF01B57D-28B7-46ED-9E0E-8DE71452EDC7}"
	ProjectSection(SolutionItems) = preProject
		.editorconfig = .editorconfig
		.gitignore = .gitignore
		Directory.Build.props = Directory.Build.props
		Directory.Packages.props = Directory.Packages.props
		global.json = global.json
		README.md = README.md
	EndProjectSection
EndProject
Project("{9A19103F-16F7-4668-BE54-9A1E7A4F7556}") = "Domain", "src\Domain\Domain.csproj", "{BCB293F9-0DD9-4960-8912-10CB4DF29F0E}"
EndProject
Project("{9A19103F-16F7-4668-BE54-9A1E7A4F7556}") = "Application", "src\Application\Application.csproj", "{955679BC-2B82-47E0-B96C-01F3AC7894BB}"
EndProject
Project("{9A19103F-16F7-4668-BE54-9A1E7A4F7556}") = "Infrastructure", "src\Infrastructure\Infrastructure.csproj", "{4671AF13-02DC-4E07-A23E-FD0AFC417FC6}"
EndProject
Project("{9A19103F-16F7-4668-BE54-9A1E7A4F7556}") = "Web", "src\Web\Web.csproj", "{F096251E-74A1-4BFB-8CEE-1A5A06AC5BE7}"
EndProject
Project("{FAE04EC0-301F-11D3-BF4B-00C04F79EFBC}") = "Web.Blazor", "src\Web.Blazor\Web.Blazor.csproj", "{B897002E-AF14-4ED3-88FB-842F015DB045}"
EndProject
Project("{FAE04EC0-301F-11D3-BF4B-00C04F79EFBC}") = "Application.FunctionalTests", "tests\Application.FunctionalTests\Application.FunctionalTests.csproj", "{7734369F-20B1-471E-8B7E-A85668D71493}"
EndProject
Global
	GlobalSection(SolutionConfigurationPlatforms) = preSolution
		Debug|Any CPU = Debug|Any CPU
		Release|Any CPU = Release|Any CPU
	EndGlobalSection
	GlobalSection(ProjectConfigurationPlatforms) = postSolution
		{BCB293F9-0DD9-4960-8912-10CB4DF29F0E}.Debug|Any CPU.ActiveCfg = Debug|Any CPU
		{BCB293F9-0DD9-4960-8912-10CB4DF29F0E}.Debug|Any CPU.Build.0 = Debug|Any CPU
		{BCB293F9-0DD9-4960-8912-10CB4DF29F0E}.Release|Any CPU.ActiveCfg = Release|Any CPU
		{BCB293F9-0DD9-4960-8912-10CB4DF29F0E}.Release|Any CPU.Build.0 = Release|Any CPU
		{955679BC-2B82-47E0-B96C-01F3AC7894BB}.Debug|Any CPU.ActiveCfg = Debug|Any CPU
		{955679BC-2B82-47E0-B96C-01F3AC7894BB}.Debug|Any CPU.Build.0 = Debug|Any CPU
		{955679BC-2B82-47E0-B96C-01F3AC7894BB}.Release|Any CPU.ActiveCfg = Release|Any CPU
		{955679BC-2B82-47E0-B96C-01F3AC7894BB}.Release|Any CPU.Build.0 = Release|Any CPU
		{4671AF13-02DC-4E07-A23E-FD0AFC417FC6}.Debug|Any CPU.ActiveCfg = Debug|Any CPU
		{4671AF13-02DC-4E07-A23E-FD0AFC417FC6}.Debug|Any CPU.Build.0 = Debug|Any CPU
		{4671AF13-02DC-4E07-A23E-FD0AFC417FC6}.Release|Any CPU.ActiveCfg = Release|Any CPU
		{4671AF13-02DC-4E07-A23E-FD0AFC417FC6}.Release|Any CPU.Build.0 = Release|Any CPU
		{F096251E-74A1-4BFB-8CEE-1A5A06AC5BE7}.Debug|Any CPU.ActiveCfg = Debug|Any CPU
		{F096251E-74A1-4BFB-8CEE-1A5A06AC5BE7}.Debug|Any CPU.Build.0 = Debug|Any CPU
		{F096251E-74A1-4BFB-8CEE-1A5A06AC5BE7}.Release|Any CPU.ActiveCfg = Release|Any CPU
		{F096251E-74A1-4BFB-8CEE-1A5A06AC5BE7}.Release|Any CPU.Build.0 = Release|Any CPU
		{B897002E-AF14-4ED3-88FB-842F015DB045}.Debug|Any CPU.ActiveCfg = Debug|Any CPU
		{B897002E-AF14-4ED3-88FB-842F015DB045}.Debug|Any CPU.Build.0 = Debug|Any CPU
		{B897002E-AF14-4ED3-88FB-842F015DB045}.Release|Any CPU.ActiveCfg = Release|Any CPU
		{B897002E-AF14-4ED3-88FB-842F015DB045}.Release|Any CPU.Build.0 = Release|Any CPU
		{7734369F-20B1-471E-8B7E-A85668D71493}.Debug|Any CPU.ActiveCfg = Debug|Any CPU
		{7734369F-20B1-471E-8B7E-A85668D71493}.Debug|Any CPU.Build.0 = Debug|Any CPU
		{7734369F-20B1-471E-8B7E-A85668D71493}.Release|Any CPU.ActiveCfg = Release|Any CPU
		{7734369F-20B1-471E-8B7E-A85668D71493}.Release|Any CPU.Build.0 = Release|Any CPU
	EndGlobalSection
	GlobalSection(SolutionProperties) = preSolution
		HideSolutionNode = FALSE
	EndGlobalSection
	GlobalSection(NestedProjects) = preSolution
		{BCB293F9-0DD9-4960-8912-10CB4DF29F0E} = {AA655942-302B-4080-B690-B2D62F114748}
		{955679BC-2B82-47E0-B96C-01F3AC7894BB} = {AA655942-302B-4080-B690-B2D62F114748}
		{4671AF13-02DC-4E07-A23E-FD0AFC417FC6} = {AA655942-302B-4080-B690-B2D62F114748}
		{F096251E-74A1-4BFB-8CEE-1A5A06AC5BE7} = {AA655942-302B-4080-B690-B2D62F114748}
		{B897002E-AF14-4ED3-88FB-842F015DB045} = {AA655942-302B-4080-B690-B2D62F114748}
		{7734369F-20B1-471E-8B7E-A85668D71493} = {0F571B6B-3600-473B-897A-F1BACEF8A93A}
	EndGlobalSection
	GlobalSection(ExtensibilityGlobals) = postSolution
		SolutionGuid = {3D8A994D-F95E-4CAF-9535-3BC29D8643CE}
	EndGlobalSection
EndGlobal
